<?xml version="1.0" encoding="utf-8"?>
<Project ToolsVersion="4.0" xmlns="http://schemas.microsoft.com/developer/msbuild/2003">
  <ItemGroup>
    <Filter Include="Source Files">
      <UniqueIdentifier>{4FC737F1-C7A5-4376-A066-2A32D752A2FF}</UniqueIdentifier>
      <Extensions>cpp;c;cc;cxx;def;odl;idl;hpj;bat;asm;asmx</Extensions>
    </Filter>
    <Filter Include="Header Files">
      <UniqueIdentifier>{93995380-89BD-4b04-88EB-625FBE52EBFB}</UniqueIdentifier>
      <Extensions>h;hpp;hxx;hm;inl;inc;xsd</Extensions>
    </Filter>
    <Filter Include="Resource Files">
      <UniqueIdentifier>{67DA6AB6-F800-4c08-8B7A-83BB121AAD01}</UniqueIdentifier>
      <Extensions>rc;ico;cur;bmp;dlg;rc2;rct;bin;rgs;gif;jpg;jpeg;jpe;resx;tiff;tif;png;wav;mfcribbon-ms</Extensions>
    </Filter>
    <Filter Include="Header Files\backupclient">
      <UniqueIdentifier>{85955891-a547-47f9-9a82-cfca9117205e}</UniqueIdentifier>
    </Filter>
    <Filter Include="Header Files\backupclient\autogen">
      <UniqueIdentifier>{baca15ba-d55d-4f6e-81b1-1d4108b3ed7b}</UniqueIdentifier>
    </Filter>
    <Filter Include="Resource Files\win32">
      <UniqueIdentifier>{19f5af04-f8d6-4ba0-a47f-bd8a224ffa08}</UniqueIdentifier>
    </Filter>
    <Filter Include="Source Files\backupclient">
      <UniqueIdentifier>{50a50ca8-610f-45d9-a151-a319a6584430}</UniqueIdentifier>
    </Filter>
    <Filter Include="Source Files\backupclient\autogen">
      <UniqueIdentifier>{11383e88-02dd-442c-9eb4-f97ea0777a23}</UniqueIdentifier>
    </Filter>
  </ItemGroup>
  <ItemGroup>
    <ClInclude Include="..\..\..\..\..\lib\backupclient\BackupClientCryptoKeys.h">
      <Filter>Header Files\backupclient</Filter>
    </ClInclude>
    <ClInclude Include="..\..\..\..\..\lib\backupclient\BackupClientFileAttributes.h">
      <Filter>Header Files\backupclient</Filter>
    </ClInclude>
    <ClInclude Include="..\..\..\..\..\lib\backupclient\BackupClientMakeExcludeList.h">
      <Filter>Header Files\backupclient</Filter>
    </ClInclude>
    <ClInclude Include="..\..\..\..\..\lib\backupclient\BackupClientRestore.h">
      <Filter>Header Files\backupclient</Filter>
    </ClInclude>
    <ClInclude Include="..\..\..\..\..\lib\backupclient\BackupDaemonConfigVerify.h">
      <Filter>Header Files\backupclient</Filter>
    </ClInclude>
    <ClInclude Include="..\..\..\..\..\lib\backupclient\BackupStoreConstants.h">
      <Filter>Header Files\backupclient</Filter>
    </ClInclude>
    <ClInclude Include="..\..\..\..\..\lib\backupclient\BackupStoreDirectory.h">
      <Filter>Header Files\backupclient</Filter>
    </ClInclude>
    <ClInclude Include="..\..\..\..\..\lib\backupclient\BackupStoreException.h">
      <Filter>Header Files\backupclient</Filter>
    </ClInclude>
    <ClInclude Include="..\..\..\..\..\lib\backupclient\BackupStoreFile.h">
      <Filter>Header Files\backupclient</Filter>
    </ClInclude>
    <ClInclude Include="..\..\..\..\..\lib\backupclient\BackupStoreFileCryptVar.h">
      <Filter>Header Files\backupclient</Filter>
    </ClInclude>
    <ClInclude Include="..\..\..\..\..\lib\backupclient\BackupStoreFileEncodeStream.h">
      <Filter>Header Files\backupclient</Filter>
    </ClInclude>
    <ClInclude Include="..\..\..\..\..\lib\backupclient\BackupStoreFilename.h">
      <Filter>Header Files\backupclient</Filter>
    </ClInclude>
    <ClInclude Include="..\..\..\..\..\lib\backupclient\BackupStoreFilenameClear.h">
      <Filter>Header Files\backupclient</Filter>
    </ClInclude>
    <ClInclude Include="..\..\..\..\..\lib\backupclient\BackupStoreFileWire.h">
      <Filter>Header Files\backupclient</Filter>
    </ClInclude>
    <ClInclude Include="..\..\..\..\..\lib\backupclient\BackupStoreObjectMagic.h">
      <Filter>Header Files\backupclient</Filter>
    </ClInclude>
    <ClInclude Include="..\..\..\..\..\lib\backupclient\RunStatusProvider.h">
      <Filter>Header Files\backupclient</Filter>
    </ClInclude>
    <ClInclude Include="..\..\..\..\..\lib\backupclient\autogen_BackupProtocolClient.h">
      <Filter>Header Files\backupclient\autogen</Filter>
    </ClInclude>
    <ClInclude Include="..\..\..\..\..\lib\backupclient\autogen_BackupStoreException.h">
      <Filter>Header Files\backupclient\autogen</Filter>
    </ClInclude>
  </ItemGroup>
  <ItemGroup>
    <ResourceCompile Include="..\..\..\..\..\lib\win32\messages.rc">
      <Filter>Resource Files\win32</Filter>
    </ResourceCompile>
  </ItemGroup>
  <ItemGroup>
    <None Include="..\..\..\..\..\lib\win32\messages.mc">
      <Filter>Resource Files\win32</Filter>
    </None>
  </ItemGroup>
  <ItemGroup>
    <ClCompile Include="..\..\..\..\..\lib\backupclient\BackupClientCryptoKeys.cpp">
      <Filter>Source Files\backupclient</Filter>
    </ClCompile>
    <ClCompile Include="..\..\..\..\..\lib\backupclient\BackupClientFileAttributes.cpp">
      <Filter>Source Files\backupclient</Filter>
    </ClCompile>
    <ClCompile Include="..\..\..\..\..\lib\backupclient\BackupClientMakeExcludeList.cpp">
      <Filter>Source Files\backupclient</Filter>
    </ClCompile>
    <ClCompile Include="..\..\..\..\..\lib\backupclient\BackupClientRestore.cpp">
      <Filter>Source Files\backupclient</Filter>
    </ClCompile>
    <ClCompile Include="..\..\..\..\..\lib\backupclient\BackupDaemonConfigVerify.cpp">
      <Filter>Source Files\backupclient</Filter>
    </ClCompile>
    <ClCompile Include="..\..\..\..\..\lib\backupclient\BackupStoreDirectory.cpp">
      <Filter>Source Files\backupclient</Filter>
    </ClCompile>
    <ClCompile Include="..\..\..\..\..\lib\backupclient\BackupStoreFile.cpp">
      <Filter>Source Files\backupclient</Filter>
    </ClCompile>
    <ClCompile Include="..\..\..\..\..\lib\backupclient\BackupStoreFileCmbDiff.cpp">
      <Filter>Source Files\backupclient</Filter>
    </ClCompile>
    <ClCompile Include="..\..\..\..\..\lib\backupclient\BackupStoreFileCmbIdx.cpp">
      <Filter>Source Files\backupclient</Filter>
    </ClCompile>
    <ClCompile Include="..\..\..\..\..\lib\backupclient\BackupStoreFileCombine.cpp">
      <Filter>Source Files\backupclient</Filter>
    </ClCompile>
    <ClCompile Include="..\..\..\..\..\lib\backupclient\BackupStoreFileCryptVar.cpp">
      <Filter>Source Files\backupclient</Filter>
    </ClCompile>
    <ClCompile Include="..\..\..\..\..\lib\backupclient\BackupStoreFileDiff.cpp">
      <Filter>Source Files\backupclient</Filter>
    </ClCompile>
    <ClCompile Include="..\..\..\..\..\lib\backupclient\BackupStoreFileEncodeStream.cpp">
      <Filter>Source Files\backupclient</Filter>
    </ClCompile>
    <ClCompile Include="..\..\..\..\..\lib\backupclient\BackupStoreFilename.cpp">
      <Filter>Source Files\backupclient</Filter>
    </ClCompile>
    <ClCompile Include="..\..\..\..\..\lib\backupclient\BackupStoreFilenameClear.cpp">
      <Filter>Source Files\backupclient</Filter>
    </ClCompile>
    <ClCompile Include="..\..\..\..\..\lib\backupclient\BackupStoreFileRevDiff.cpp">
      <Filter>Source Files\backupclient</Filter>
    </ClCompile>
    <ClCompile Include="..\..\..\..\..\lib\backupclient\BackupStoreObjectDump.cpp">
      <Filter>Source Files\backupclient</Filter>
    </ClCompile>
    <ClCompile Include="..\..\..\..\..\lib\backupclient\autogen_BackupProtocolClient.cpp">
      <Filter>Source Files\backupclient\autogen</Filter>
    </ClCompile>
    <ClCompile Include="..\..\..\..\..\lib\backupclient\autogen_BackupStoreException.cpp">
      <Filter>Source Files\backupclient\autogen</Filter>
    </ClCompile>
    <ClCompile Include="..\..\..\..\..\lib\common\Win32PreCompiledHeader.cpp">
      <Filter>Source Files</Filter>
    </ClCompile>
  </ItemGroup>
  <ItemGroup>
    <CustomBuild Include="..\..\..\..\..\bin\bbstored\backupprotocol.txt">
      <Filter>Source Files\backupclient\autogen</Filter>
    </CustomBuild>
    <CustomBuild Include="..\..\..\..\..\lib\backupclient\BackupStoreException.txt">
      <Filter>Source Files\backupclient\autogen</Filter>
    </CustomBuild>
  </ItemGroup>
</Project>