<?xml version="1.0" encoding="utf-8"?>
<Project ToolsVersion="4.0" xmlns="http://schemas.microsoft.com/developer/msbuild/2003">
  <ItemGroup>
    <Filter Include="Source Files">
      <UniqueIdentifier>{4FC737F1-C7A5-4376-A066-2A32D752A2FF}</UniqueIdentifier>
      <Extensions>cpp;c;cc;cxx;def;odl;idl;hpj;bat;asm;asmx</Extensions>
    </Filter>
    <Filter Include="Header Files">
      <UniqueIdentifier>{93995380-89BD-4b04-88EB-625FBE52EBFB}</UniqueIdentifier>
      <Extensions>h;hpp;hxx;hm;inl;inc;xsd</Extensions>
    </Filter>
    <Filter Include="Resource Files">
      <UniqueIdentifier>{67DA6AB6-F800-4c08-8B7A-83BB121AAD01}</UniqueIdentifier>
      <Extensions>rc;ico;cur;bmp;dlg;rc2;rct;bin;rgs;gif;jpg;jpeg;jpe;resx;tiff;tif;png;wav;mfcribbon-ms</Extensions>
    </Filter>
    <Filter Include="Source Files\common">
      <UniqueIdentifier>{0081f5a9-5c99-4c26-bc73-33e23324f74c}</UniqueIdentifier>
    </Filter>
    <Filter Include="Header Files\common">
      <UniqueIdentifier>{9e483561-0b6d-48ef-9752-ef35d2c2ed36}</UniqueIdentifier>
    </Filter>
    <Filter Include="Source Files\compress">
      <UniqueIdentifier>{52a41c06-0566-44a2-b5dd-0c5b2b1edd5c}</UniqueIdentifier>
    </Filter>
    <Filter Include="Header Files\compress">
      <UniqueIdentifier>{9156016c-f9db-461d-8046-3084acb2daab}</UniqueIdentifier>
    </Filter>
    <Filter Include="Source Files\crypto">
      <UniqueIdentifier>{5e516a80-0967-46b9-9ec8-21b179313433}</UniqueIdentifier>
    </Filter>
    <Filter Include="Header Files\crypto">
      <UniqueIdentifier>{485e7ba9-1f7b-4c4e-88fb-04dcc0bc51d5}</UniqueIdentifier>
    </Filter>
    <Filter Include="Source Files\server">
      <UniqueIdentifier>{ce8bcc19-db03-4978-b63a-b910a0f4a946}</UniqueIdentifier>
    </Filter>
    <Filter Include="Header Files\server">
      <UniqueIdentifier>{8bb4a40c-0cef-4ec5-b510-da82f10f222d}</UniqueIdentifier>
    </Filter>
    <Filter Include="Source Files\win32">
      <UniqueIdentifier>{6a8488cb-76d8-4f13-a88c-ba9b3df0a297}</UniqueIdentifier>
    </Filter>
    <Filter Include="Header Files\win32">
      <UniqueIdentifier>{9c269da0-341a-4353-a251-4931677bd027}</UniqueIdentifier>
    </Filter>
    <Filter Include="Resource Files\win32">
      <UniqueIdentifier>{a198190a-9f56-4adb-be2c-2e9c412ed247}</UniqueIdentifier>
    </Filter>
    <Filter Include="Source Files\common\autogen">
      <UniqueIdentifier>{30678471-c659-433f-b915-20955119346b}</UniqueIdentifier>
    </Filter>
    <Filter Include="Source Files\compress\autogen">
      <UniqueIdentifier>{ae74abed-7c05-4911-805c-a046d89ed61b}</UniqueIdentifier>
    </Filter>
    <Filter Include="Source Files\crypto\autogen">
      <UniqueIdentifier>{4464dcfc-78a8-4794-99d6-2310d4b3b56e}</UniqueIdentifier>
    </Filter>
    <Filter Include="Source Files\server\autogen">
      <UniqueIdentifier>{65e721bd-bb80-417c-8515-897cba4616e8}</UniqueIdentifier>
    </Filter>
    <Filter Include="Header Files\common\autogen">
      <UniqueIdentifier>{4da45d5b-9533-4ade-901e-88613b7cb0e0}</UniqueIdentifier>
    </Filter>
    <Filter Include="Header Files\compress\autogen">
      <UniqueIdentifier>{1cb68f52-9716-4887-ac9a-10d6e3313fc6}</UniqueIdentifier>
    </Filter>
    <Filter Include="Header Files\crypto\autogen">
      <UniqueIdentifier>{84282c86-fb2e-4bd6-8596-cb8e6b3a0e45}</UniqueIdentifier>
    </Filter>
    <Filter Include="Header Files\server\autogen">
      <UniqueIdentifier>{0a5212c6-f927-4ab6-bcc6-d32cd75a2df6}</UniqueIdentifier>
    </Filter>
    <Filter Include="Header Files\server\extra">
      <UniqueIdentifier>{9fd6613a-d8db-43c0-8de3-945449e3b15e}</UniqueIdentifier>
    </Filter>
    <Filter Include="Source Files\common\extra">
      <UniqueIdentifier>{0f6a2c1a-85b2-4e2d-83a8-94136cad936b}</UniqueIdentifier>
    </Filter>
    <Filter Include="Header Files\win32\_sys">
      <UniqueIdentifier>{8f4029fe-c1d6-4486-adfa-014b5bbea1cf}</UniqueIdentifier>
    </Filter>
    <Filter Include="Source Files\win32\_sys">
      <UniqueIdentifier>{97384f67-06a6-4359-85ca-8db8283077b0}</UniqueIdentifier>
    </Filter>
    <Filter Include="Source Files\win32\autogen">
      <UniqueIdentifier>{47453929-9fa7-4cdc-91dd-e036d49399d4}</UniqueIdentifier>
    </Filter>
    <Filter Include="Header Files\win32\autogen">
      <UniqueIdentifier>{3b34d585-1817-4cac-abf7-582f5480d63c}</UniqueIdentifier>
    </Filter>
    <Filter Include="Resource Files\server">
      <UniqueIdentifier>{5a72b360-cee2-4e7d-b977-00a15f3c1c03}</UniqueIdentifier>
    </Filter>
  </ItemGroup>
  <ItemGroup>
    <ClCompile Include="..\..\..\..\..\lib\common\BoxException.cpp">
      <Filter>Source Files\common</Filter>
    </ClCompile>
    <ClCompile Include="..\..\..\..\..\lib\common\BoxTime.cpp">
      <Filter>Source Files\common</Filter>
    </ClCompile>
    <ClCompile Include="..\..\..\..\..\lib\common\BoxTimeToText.cpp">
      <Filter>Source Files\common</Filter>
    </ClCompile>
    <ClCompile Include="..\..\..\..\..\lib\common\BufferedStream.cpp">
      <Filter>Source Files\common</Filter>
    </ClCompile>
    <ClCompile Include="..\..\..\..\..\lib\common\CollectInBufferStream.cpp">
      <Filter>Source Files\common</Filter>
    </ClCompile>
    <ClCompile Include="..\..\..\..\..\lib\common\Configuration.cpp">
      <Filter>Source Files\common</Filter>
    </ClCompile>
    <ClCompile Include="..\..\..\..\..\lib\common\ConversionString.cpp">
      <Filter>Source Files\common</Filter>
    </ClCompile>
    <ClCompile Include="..\..\..\..\..\lib\common\DebugAssertFailed.cpp">
      <Filter>Source Files\common</Filter>
    </ClCompile>
    <ClCompile Include="..\..\..\..\..\lib\common\DebugMemLeakFinder.cpp">
      <Filter>Source Files\common</Filter>
    </ClCompile>
    <ClCompile Include="..\..\..\..\..\lib\common\DebugPrintf.cpp">
      <Filter>Source Files\common</Filter>
    </ClCompile>
    <ClCompile Include="..\..\..\..\..\lib\common\EventWatchFilesystemObject.cpp">
      <Filter>Source Files\common</Filter>
    </ClCompile>
    <ClCompile Include="..\..\..\..\..\lib\common\ExcludeList.cpp">
      <Filter>Source Files\common</Filter>
    </ClCompile>
    <ClCompile Include="..\..\..\..\..\lib\common\FdGetLine.cpp">
      <Filter>Source Files\common</Filter>
    </ClCompile>
    <ClCompile Include="..\..\..\..\..\lib\common\FileModificationTime.cpp">
      <Filter>Source Files\common</Filter>
    </ClCompile>
    <ClCompile Include="..\..\..\..\..\lib\common\FileStream.cpp">
      <Filter>Source Files\common</Filter>
    </ClCompile>
    <ClCompile Include="..\..\..\..\..\lib\common\InvisibleTempFileStream.cpp">
      <Filter>Source Files\common</Filter>
    </ClCompile>
    <ClCompile Include="..\..\..\..\..\lib\common\IOStream.cpp">
      <Filter>Source Files\common</Filter>
    </ClCompile>
    <ClCompile Include="..\..\..\..\..\lib\common\IOStreamGetLine.cpp">
      <Filter>Source Files\common</Filter>
    </ClCompile>
    <ClCompile Include="..\..\..\..\..\lib\common\Logging.cpp">
      <Filter>Source Files\common</Filter>
    </ClCompile>
    <ClCompile Include="..\..\..\..\..\lib\common\MemBlockStream.cpp">
      <Filter>Source Files\common</Filter>
    </ClCompile>
    <ClCompile Include="..\..\..\..\..\lib\common\NamedLock.cpp">
      <Filter>Source Files\common</Filter>
    </ClCompile>
    <ClCompile Include="..\..\..\..\..\lib\common\PartialReadStream.cpp">
      <Filter>Source Files\common</Filter>
    </ClCompile>
    <ClCompile Include="..\..\..\..\..\lib\common\PathUtils.cpp">
      <Filter>Source Files\common</Filter>
    </ClCompile>
    <ClCompile Include="..\..\..\..\..\lib\common\ReadGatherStream.cpp">
      <Filter>Source Files\common</Filter>
    </ClCompile>
    <ClCompile Include="..\..\..\..\..\lib\common\ReadLoggingStream.cpp">
      <Filter>Source Files\common</Filter>
    </ClCompile>
    <ClCompile Include="..\..\..\..\..\lib\common\StreamableMemBlock.cpp">
      <Filter>Source Files\common</Filter>
    </ClCompile>
    <ClCompile Include="..\..\..\..\..\lib\common\Timer.cpp">
      <Filter>Source Files\common</Filter>
    </ClCompile>
    <ClCompile Include="..\..\..\..\..\lib\common\UnixUser.cpp">
      <Filter>Source Files\common</Filter>
    </ClCompile>
    <ClCompile Include="..\..\..\..\..\lib\common\Utils.cpp">
      <Filter>Source Files\common</Filter>
    </ClCompile>
    <ClCompile Include="..\..\..\..\..\lib\common\WaitForEvent.cpp">
      <Filter>Source Files\common</Filter>
    </ClCompile>
    <ClCompile Include="..\..\..\..\..\lib\common\ZeroStream.cpp">
      <Filter>Source Files\common</Filter>
    </ClCompile>
    <ClCompile Include="..\..\..\..\..\lib\compress\CompressStream.cpp">
      <Filter>Source Files\compress</Filter>
    </ClCompile>
    <ClCompile Include="..\..\..\..\..\lib\crypto\CipherAES.cpp">
      <Filter>Source Files\crypto</Filter>
    </ClCompile>
    <ClCompile Include="..\..\..\..\..\lib\crypto\CipherBlowfish.cpp">
      <Filter>Source Files\crypto</Filter>
    </ClCompile>
    <ClCompile Include="..\..\..\..\..\lib\crypto\CipherContext.cpp">
      <Filter>Source Files\crypto</Filter>
    </ClCompile>
    <ClCompile Include="..\..\..\..\..\lib\crypto\CipherDescription.cpp">
      <Filter>Source Files\crypto</Filter>
    </ClCompile>
    <ClCompile Include="..\..\..\..\..\lib\crypto\MD5Digest.cpp">
      <Filter>Source Files\crypto</Filter>
    </ClCompile>
    <ClCompile Include="..\..\..\..\..\lib\crypto\Random.cpp">
      <Filter>Source Files\crypto</Filter>
    </ClCompile>
    <ClCompile Include="..\..\..\..\..\lib\crypto\RollingChecksum.cpp">
      <Filter>Source Files\crypto</Filter>
    </ClCompile>
    <ClCompile Include="..\..\..\..\..\lib\server\Daemon.cpp">
      <Filter>Source Files\server</Filter>
    </ClCompile>
    <ClCompile Include="..\..\..\..\..\lib\server\LocalProcessStream.cpp">
      <Filter>Source Files\server</Filter>
    </ClCompile>
    <ClCompile Include="..\..\..\..\..\lib\server\Protocol.cpp">
      <Filter>Source Files\server</Filter>
    </ClCompile>
    <ClCompile Include="..\..\..\..\..\lib\server\ProtocolObject.cpp">
      <Filter>Source Files\server</Filter>
    </ClCompile>
    <ClCompile Include="..\..\..\..\..\lib\server\ProtocolUncertainStream.cpp">
      <Filter>Source Files\server</Filter>
    </ClCompile>
    <ClCompile Include="..\..\..\..\..\lib\server\Socket.cpp">
      <Filter>Source Files\server</Filter>
    </ClCompile>
    <ClCompile Include="..\..\..\..\..\lib\server\SocketStream.cpp">
      <Filter>Source Files\server</Filter>
    </ClCompile>
    <ClCompile Include="..\..\..\..\..\lib\server\SocketStreamTLS.cpp">
      <Filter>Source Files\server</Filter>
    </ClCompile>
    <ClCompile Include="..\..\..\..\..\lib\server\SSLLib.cpp">
      <Filter>Source Files\server</Filter>
    </ClCompile>
    <ClCompile Include="..\..\..\..\..\lib\server\TLSContext.cpp">
      <Filter>Source Files\server</Filter>
    </ClCompile>
    <ClCompile Include="..\..\..\..\..\lib\server\WinNamedPipeStream.cpp">
      <Filter>Source Files\server</Filter>
    </ClCompile>
    <ClCompile Include="..\..\..\..\..\lib\win32\emu.cpp">
      <Filter>Source Files\win32</Filter>
    </ClCompile>
    <ClCompile Include="..\..\..\..\..\lib\win32\getopt_long.cpp">
      <Filter>Source Files\win32</Filter>
    </ClCompile>
    <ClCompile Include="..\..\..\..\..\lib\compress\autogen_CompressException.cpp">
      <Filter>Source Files\compress\autogen</Filter>
    </ClCompile>
    <ClCompile Include="..\..\..\..\..\lib\common\autogen_CommonException.cpp">
      <Filter>Source Files\common\autogen</Filter>
    </ClCompile>
    <ClCompile Include="..\..\..\..\..\lib\common\autogen_ConversionException.cpp">
      <Filter>Source Files\common\autogen</Filter>
    </ClCompile>
    <ClCompile Include="..\..\..\..\..\lib\crypto\autogen_CipherException.cpp">
      <Filter>Source Files\crypto\autogen</Filter>
    </ClCompile>
    <ClCompile Include="..\..\..\..\..\lib\server\autogen_ConnectionException.cpp">
      <Filter>Source Files\server\autogen</Filter>
    </ClCompile>
    <ClCompile Include="..\..\..\..\..\lib\server\autogen_ServerException.cpp">
      <Filter>Source Files\server\autogen</Filter>
    </ClCompile>
    <ClCompile Include="..\..\..\..\..\lib\win32\dirent.cpp">
      <Filter>Source Files\win32</Filter>
    </ClCompile>
    <ClCompile Include="..\..\..\..\..\lib\win32\pwd.cpp">
      <Filter>Source Files\win32</Filter>
    </ClCompile>
    <ClCompile Include="..\..\..\..\..\lib\win32\unistd.cpp">
      <Filter>Source Files\win32</Filter>
    </ClCompile>
    <ClCompile Include="..\..\..\..\..\lib\win32\poll.cpp">
      <Filter>Source Files\win32</Filter>
    </ClCompile>
    <ClCompile Include="..\..\..\..\..\lib\win32\win32.cpp">
      <Filter>Source Files\win32</Filter>
    </ClCompile>
    <ClCompile Include="..\..\..\..\..\lib\win32\_sys\mount.cpp">
      <Filter>Source Files\win32\_sys</Filter>
    </ClCompile>
    <ClCompile Include="..\..\..\..\..\lib\win32\_sys\resource.cpp">
      <Filter>Source Files\win32\_sys</Filter>
    </ClCompile>
    <ClCompile Include="..\..\..\..\..\lib\win32\_sys\stat.cpp">
      <Filter>Source Files\win32\_sys</Filter>
    </ClCompile>
    <ClCompile Include="..\..\..\..\..\lib\win32\_sys\time.cpp">
      <Filter>Source Files\win32\_sys</Filter>
    </ClCompile>
    <ClCompile Include="..\..\..\..\..\lib\win32\_sys\uio.cpp">
      <Filter>Source Files\win32\_sys</Filter>
    </ClCompile>
    <ClCompile Include="..\..\..\..\..\lib\common\Win32PreCompiledHeader.cpp">
      <Filter>Source Files\common</Filter>
    </ClCompile>
    <ClCompile Include="..\..\..\..\..\lib\win32\_sys\syslog.cpp">
      <Filter>Source Files\win32\_sys</Filter>
    </ClCompile>
    <ClCompile Include="..\..\..\..\..\lib\win32\unicode.cpp">
      <Filter>Source Files\win32</Filter>
    </ClCompile>
    <ClCompile Include="..\..\..\..\..\lib\win32\autogen_Win32BaseException.cpp">
      <Filter>Source Files\win32\autogen</Filter>
    </ClCompile>
    <ClCompile Include="..\..\..\..\..\lib\win32\Win32Exception.cpp">
      <Filter>Source Files\win32</Filter>
    </ClCompile>
    <ClCompile Include="..\..\..\..\..\lib\win32\common_FileStream.cpp">
      <Filter>Source Files\win32</Filter>
    </ClCompile>
  </ItemGroup>
  <ItemGroup>
    <ClInclude Include="..\..\..\..\..\lib\common\Archive.h">
      <Filter>Header Files\common</Filter>
    </ClInclude>
    <ClInclude Include="..\..\..\..\..\lib\common\BannerText.h">
      <Filter>Header Files\common</Filter>
    </ClInclude>
    <ClInclude Include="..\..\..\..\..\lib\common\BeginStructPackForWire.h">
      <Filter>Header Files\common</Filter>
    </ClInclude>
    <ClInclude Include="..\..\..\..\..\lib\common\Box.h">
      <Filter>Header Files\common</Filter>
    </ClInclude>
    <ClInclude Include="..\..\..\..\..\lib\common\BoxConfig-MSVC.h">
      <Filter>Header Files\common</Filter>
    </ClInclude>
    <ClInclude Include="..\..\..\..\..\lib\common\BoxException.h">
      <Filter>Header Files\common</Filter>
    </ClInclude>
    <ClInclude Include="..\..\..\..\..\lib\common\BoxPlatform.h">
      <Filter>Header Files\common</Filter>
    </ClInclude>
    <ClInclude Include="..\..\..\..\..\lib\common\BoxPortsAndFiles.h">
      <Filter>Header Files\common</Filter>
    </ClInclude>
    <ClInclude Include="..\..\..\..\..\lib\common\BoxTime.h">
      <Filter>Header Files\common</Filter>
    </ClInclude>
    <ClInclude Include="..\..\..\..\..\lib\common\BoxTimeToText.h">
      <Filter>Header Files\common</Filter>
    </ClInclude>
    <ClInclude Include="..\..\..\..\..\lib\common\BoxTimeToUnix.h">
      <Filter>Header Files\common</Filter>
    </ClInclude>
    <ClInclude Include="..\..\..\..\..\lib\common\BufferedStream.h">
      <Filter>Header Files\common</Filter>
    </ClInclude>
    <ClInclude Include="..\..\..\..\..\lib\common\CollectInBufferStream.h">
      <Filter>Header Files\common</Filter>
    </ClInclude>
    <ClInclude Include="..\..\..\..\..\lib\common\CommonException.h">
      <Filter>Header Files\common</Filter>
    </ClInclude>
    <ClInclude Include="..\..\..\..\..\lib\common\Configuration.h">
      <Filter>Header Files\common</Filter>
    </ClInclude>
    <ClInclude Include="..\..\..\..\..\lib\common\Conversion.h">
      <Filter>Header Files\common</Filter>
    </ClInclude>
    <ClInclude Include="..\..\..\..\..\lib\common\Database.h">
      <Filter>Header Files\common</Filter>
    </ClInclude>
    <ClInclude Include="..\..\..\..\..\lib\common\EndStructPackForWire.h">
      <Filter>Header Files\common</Filter>
    </ClInclude>
    <ClInclude Include="..\..\..\..\..\lib\common\EventWatchFilesystemObject.h">
      <Filter>Header Files\common</Filter>
    </ClInclude>
    <ClInclude Include="..\..\..\..\..\lib\common\ExcludeList.h">
      <Filter>Header Files\common</Filter>
    </ClInclude>
    <ClInclude Include="..\..\..\..\..\lib\common\FdGetLine.h">
      <Filter>Header Files\common</Filter>
    </ClInclude>
    <ClInclude Include="..\..\..\..\..\lib\common\FileModificationTime.h">
      <Filter>Header Files\common</Filter>
    </ClInclude>
    <ClInclude Include="..\..\..\..\..\lib\common\FileStream.h">
      <Filter>Header Files\common</Filter>
    </ClInclude>
    <ClInclude Include="..\..\..\..\..\lib\common\Guards.h">
      <Filter>Header Files\common</Filter>
    </ClInclude>
    <ClInclude Include="..\..\..\..\..\lib\common\InvisibleTempFileStream.h">
      <Filter>Header Files\common</Filter>
    </ClInclude>
    <ClInclude Include="..\..\..\..\..\lib\common\IOStream.h">
      <Filter>Header Files\common</Filter>
    </ClInclude>
    <ClInclude Include="..\..\..\..\..\lib\common\IOStreamGetLine.h">
      <Filter>Header Files\common</Filter>
    </ClInclude>
    <ClInclude Include="..\..\..\..\..\lib\common\Logging.h">
      <Filter>Header Files\common</Filter>
    </ClInclude>
    <ClInclude Include="..\..\..\..\..\lib\common\MainHelper.h">
      <Filter>Header Files\common</Filter>
    </ClInclude>
    <ClInclude Include="..\..\..\..\..\lib\common\MemBlockStream.h">
      <Filter>Header Files\common</Filter>
    </ClInclude>
    <ClInclude Include="..\..\..\..\..\lib\common\MemLeakFinder.h">
      <Filter>Header Files\common</Filter>
    </ClInclude>
    <ClInclude Include="..\..\..\..\..\lib\common\MemLeakFindOff.h">
      <Filter>Header Files\common</Filter>
    </ClInclude>
    <ClInclude Include="..\..\..\..\..\lib\common\MemLeakFindOn.h">
      <Filter>Header Files\common</Filter>
    </ClInclude>
    <ClInclude Include="..\..\..\..\..\lib\common\NamedLock.h">
      <Filter>Header Files\common</Filter>
    </ClInclude>
    <ClInclude Include="..\..\..\..\..\lib\common\PartialReadStream.h">
      <Filter>Header Files\common</Filter>
    </ClInclude>
    <ClInclude Include="..\..\..\..\..\lib\common\PathUtils.h">
      <Filter>Header Files\common</Filter>
    </ClInclude>
    <ClInclude Include="..\..\..\..\..\lib\common\ReadGatherStream.h">
      <Filter>Header Files\common</Filter>
    </ClInclude>
    <ClInclude Include="..\..\..\..\..\lib\common\ReadLoggingStream.h">
      <Filter>Header Files\common</Filter>
    </ClInclude>
    <ClInclude Include="..\..\..\..\..\lib\common\SelfFlushingStream.h">
      <Filter>Header Files\common</Filter>
    </ClInclude>
    <ClInclude Include="..\..\..\..\..\lib\common\StreamableMemBlock.h">
      <Filter>Header Files\common</Filter>
    </ClInclude>
    <ClInclude Include="..\..\..\..\..\lib\common\TemporaryDirectory.h">
      <Filter>Header Files\common</Filter>
    </ClInclude>
    <ClInclude Include="..\..\..\..\..\lib\common\Timer.h">
      <Filter>Header Files\common</Filter>
    </ClInclude>
    <ClInclude Include="..\..\..\..\..\lib\common\UnixUser.h">
      <Filter>Header Files\common</Filter>
    </ClInclude>
    <ClInclude Include="..\..\..\..\..\lib\common\Utils.h">
      <Filter>Header Files\common</Filter>
    </ClInclude>
    <ClInclude Include="..\..\..\..\..\lib\common\WaitForEvent.h">
      <Filter>Header Files\common</Filter>
    </ClInclude>
    <ClInclude Include="..\..\..\..\..\lib\common\ZeroStream.h">
      <Filter>Header Files\common</Filter>
    </ClInclude>
    <ClInclude Include="..\..\..\..\..\lib\compress\Compress.h">
      <Filter>Header Files\compress</Filter>
    </ClInclude>
    <ClInclude Include="..\..\..\..\..\lib\compress\CompressException.h">
      <Filter>Header Files\compress</Filter>
    </ClInclude>
    <ClInclude Include="..\..\..\..\..\lib\compress\CompressStream.h">
      <Filter>Header Files\compress</Filter>
    </ClInclude>
    <ClInclude Include="..\..\..\..\..\lib\crypto\CipherAES.h">
      <Filter>Header Files\crypto</Filter>
    </ClInclude>
    <ClInclude Include="..\..\..\..\..\lib\crypto\CipherBlowfish.h">
      <Filter>Header Files\crypto</Filter>
    </ClInclude>
    <ClInclude Include="..\..\..\..\..\lib\crypto\CipherContext.h">
      <Filter>Header Files\crypto</Filter>
    </ClInclude>
    <ClInclude Include="..\..\..\..\..\lib\crypto\CipherDescription.h">
      <Filter>Header Files\crypto</Filter>
    </ClInclude>
    <ClInclude Include="..\..\..\..\..\lib\crypto\CipherException.h">
      <Filter>Header Files\crypto</Filter>
    </ClInclude>
    <ClInclude Include="..\..\..\..\..\lib\crypto\MD5Digest.h">
      <Filter>Header Files\crypto</Filter>
    </ClInclude>
    <ClInclude Include="..\..\..\..\..\lib\crypto\Random.h">
      <Filter>Header Files\crypto</Filter>
    </ClInclude>
    <ClInclude Include="..\..\..\..\..\lib\crypto\RollingChecksum.h">
      <Filter>Header Files\crypto</Filter>
    </ClInclude>
    <ClInclude Include="..\..\..\..\..\lib\server\Daemon.h">
      <Filter>Header Files\server</Filter>
    </ClInclude>
    <ClInclude Include="..\..\..\..\..\lib\server\LocalProcessStream.h">
      <Filter>Header Files\server</Filter>
    </ClInclude>
    <ClInclude Include="..\..\..\..\..\lib\server\OverlappedIO.h">
      <Filter>Header Files\server</Filter>
    </ClInclude>
    <ClInclude Include="..\..\..\..\..\lib\server\Protocol.h">
      <Filter>Header Files\server</Filter>
    </ClInclude>
    <ClInclude Include="..\..\..\..\..\lib\server\ProtocolObject.h">
      <Filter>Header Files\server</Filter>
    </ClInclude>
    <ClInclude Include="..\..\..\..\..\lib\server\ProtocolUncertainStream.h">
      <Filter>Header Files\server</Filter>
    </ClInclude>
    <ClInclude Include="..\..\..\..\..\lib\server\ProtocolWire.h">
      <Filter>Header Files\server</Filter>
    </ClInclude>
    <ClInclude Include="..\..\..\..\..\lib\server\ServerControl.h">
      <Filter>Header Files\server</Filter>
    </ClInclude>
    <ClInclude Include="..\..\..\..\..\lib\server\ServerException.h">
      <Filter>Header Files\server</Filter>
    </ClInclude>
    <ClInclude Include="..\..\..\..\..\lib\server\ServerStream.h">
      <Filter>Header Files\server</Filter>
    </ClInclude>
    <ClInclude Include="..\..\..\..\..\lib\server\ServerTLS.h">
      <Filter>Header Files\server</Filter>
    </ClInclude>
    <ClInclude Include="..\..\..\..\..\lib\server\Socket.h">
      <Filter>Header Files\server</Filter>
    </ClInclude>
    <ClInclude Include="..\..\..\..\..\lib\server\SocketListen.h">
      <Filter>Header Files\server</Filter>
    </ClInclude>
    <ClInclude Include="..\..\..\..\..\lib\server\SocketStream.h">
      <Filter>Header Files\server</Filter>
    </ClInclude>
    <ClInclude Include="..\..\..\..\..\lib\server\SocketStreamTLS.h">
      <Filter>Header Files\server</Filter>
    </ClInclude>
    <ClInclude Include="..\..\..\..\..\lib\server\SSLLib.h">
      <Filter>Header Files\server</Filter>
    </ClInclude>
    <ClInclude Include="..\..\..\..\..\lib\server\TLSContext.h">
      <Filter>Header Files\server</Filter>
    </ClInclude>
    <ClInclude Include="..\..\..\..\..\lib\server\WinNamedPipeListener.h">
      <Filter>Header Files\server</Filter>
    </ClInclude>
    <ClInclude Include="..\..\..\..\..\lib\server\WinNamedPipeStream.h">
      <Filter>Header Files\server</Filter>
    </ClInclude>
    <ClInclude Include="..\..\..\..\..\lib\win32\emu.h">
      <Filter>Header Files\win32</Filter>
    </ClInclude>
    <ClInclude Include="..\..\..\..\..\lib\win32\getopt.h">
      <Filter>Header Files\win32</Filter>
    </ClInclude>
    <ClInclude Include="..\..\..\..\..\lib\win32\messages.h">
      <Filter>Header Files\win32</Filter>
    </ClInclude>
    <ClInclude Include="..\..\..\..\..\lib\common\autogen_CommonException.h">
      <Filter>Header Files\common\autogen</Filter>
    </ClInclude>
    <ClInclude Include="..\..\..\..\..\lib\common\autogen_ConversionException.h">
      <Filter>Header Files\common\autogen</Filter>
    </ClInclude>
    <ClInclude Include="..\..\..\..\..\lib\compress\autogen_CompressException.h">
      <Filter>Header Files\compress\autogen</Filter>
    </ClInclude>
    <ClInclude Include="..\..\..\..\..\lib\crypto\autogen_CipherException.h">
      <Filter>Header Files\crypto\autogen</Filter>
    </ClInclude>
    <ClInclude Include="..\..\..\..\..\lib\server\autogen_ConnectionException.h">
      <Filter>Header Files\server\autogen</Filter>
    </ClInclude>
    <ClInclude Include="..\..\..\..\..\lib\server\autogen_ServerException.h">
      <Filter>Header Files\server\autogen</Filter>
    </ClInclude>
    <ClInclude Include="..\..\..\..\..\lib\common\BoxVersion.h">
      <Filter>Header Files\common\autogen</Filter>
    </ClInclude>
    <ClInclude Include="..\..\..\..\..\lib\win32\dirent.h">
      <Filter>Header Files\win32</Filter>
    </ClInclude>
    <ClInclude Include="..\..\..\..\..\lib\win32\win32.h">
      <Filter>Header Files\win32</Filter>
    </ClInclude>
    <ClInclude Include="..\..\..\..\..\lib\win32\pwd.h">
      <Filter>Header Files\win32</Filter>
    </ClInclude>
    <ClInclude Include="..\..\..\..\..\lib\win32\unistd.h">
      <Filter>Header Files\win32</Filter>
    </ClInclude>
    <ClInclude Include="..\..\..\..\..\lib\win32\poll.h">
      <Filter>Header Files\win32</Filter>
    </ClInclude>
    <ClInclude Include="..\..\..\..\..\lib\win32\_sys\_iovec.h">
      <Filter>Header Files\win32\_sys</Filter>
    </ClInclude>
    <ClInclude Include="..\..\..\..\..\lib\win32\_sys\mount.h">
      <Filter>Header Files\win32\_sys</Filter>
    </ClInclude>
    <ClInclude Include="..\..\..\..\..\lib\win32\_sys\resource.h">
      <Filter>Header Files\win32\_sys</Filter>
    </ClInclude>
    <ClInclude Include="..\..\..\..\..\lib\win32\_sys\stat.h">
      <Filter>Header Files\win32\_sys</Filter>
    </ClInclude>
    <ClInclude Include="..\..\..\..\..\lib\win32\_sys\uio.h">
      <Filter>Header Files\win32\_sys</Filter>
    </ClInclude>
    <ClInclude Include="..\..\..\..\..\lib\win32\_sys\time.h">
      <Filter>Header Files\win32\_sys</Filter>
    </ClInclude>
    <ClInclude Include="..\..\..\..\..\lib\win32\_sys\socket.h">
      <Filter>Header Files\win32\_sys</Filter>
    </ClInclude>
    <ClInclude Include="..\..\..\..\..\lib\win32\_sys\syslog.h">
      <Filter>Header Files\win32\_sys</Filter>
    </ClInclude>
    <ClInclude Include="..\..\..\..\..\lib\win32\unicode.h">
      <Filter>Header Files\win32</Filter>
    </ClInclude>
    <ClInclude Include="..\..\..\..\..\lib\win32\autogen_Win32BaseException.h">
      <Filter>Header Files\win32\autogen</Filter>
    </ClInclude>
    <ClInclude Include="..\..\..\..\..\lib\win32\Win32Exception.h">
      <Filter>Header Files\win32</Filter>
    </ClInclude>
  </ItemGroup>
  <ItemGroup>
    <None Include="..\..\..\..\..\lib\server\makeprotocol.pl.in">
      <Filter>Header Files\server\extra</Filter>
    </None>
    <None Include="..\..\..\..\..\lib\common\makeexception.pl.in">
      <Filter>Source Files\common\extra</Filter>
    </None>
    <None Include="..\..\..\..\..\lib\win32\autogen_Win32BaseException.mc">
      <Filter>Resource Files\win32</Filter>
    </None>
    <None Include="..\..\..\..\..\lib\server\autogen_ServerException.mc">
      <Filter>Resource Files\server</Filter>
    </None>
    <None Include="..\..\..\..\..\lib\server\autogen_ConnectionException.mc">
      <Filter>Resource Files\server</Filter>
    </None>
  </ItemGroup>
  <ItemGroup>
    <ResourceCompile Include="..\..\..\..\..\lib\win32\messages.rc">
      <Filter>Resource Files\win32</Filter>
    </ResourceCompile>
  </ItemGroup>
  <ItemGroup>
    <CustomBuild Include="..\..\..\..\..\lib\common\CommonException.txt">
      <Filter>Source Files\common\autogen</Filter>
    </CustomBuild>
    <CustomBuild Include="..\..\..\..\..\lib\common\ConversionException.txt">
      <Filter>Source Files\common\autogen</Filter>
    </CustomBuild>
    <CustomBuild Include="..\..\..\..\..\lib\compress\CompressException.txt">
      <Filter>Source Files\compress\autogen</Filter>
    </CustomBuild>
    <CustomBuild Include="..\..\..\..\..\lib\crypto\CipherException.txt">
      <Filter>Source Files\crypto\autogen</Filter>
    </CustomBuild>
    <CustomBuild Include="..\..\..\..\..\lib\server\ConnectionException.txt">
      <Filter>Source Files\server\autogen</Filter>
    </CustomBuild>
    <CustomBuild Include="..\..\..\..\..\lib\server\ServerException.txt">
      <Filter>Source Files\server\autogen</Filter>
    </CustomBuild>
    <CustomBuild Include="..\..\..\..\..\lib\common\BoxPortsAndFiles.h.in">
      <Filter>Source Files\common\autogen</Filter>
    </CustomBuild>
    <CustomBuild Include="..\..\..\..\..\lib\win32\Win32BaseException.txt">
      <Filter>Source Files\win32\autogen</Filter>
    </CustomBuild>
  </ItemGroup>
</Project>